// !$*UTF8*$!
{
	archiveVersion = 1;
	classes = {
	};
	objectVersion = 50;
	objects = {

/* Begin PBXBuildFile section */
		9F83DBEE2444E0DE00DEE57F /* AppDelegate.swift in Sources */ = {isa = PBXBuildFile; fileRef = 9F83DBED2444E0DE00DEE57F /* AppDelegate.swift */; };
		9F83DBF02444E0DE00DEE57F /* SceneDelegate.swift in Sources */ = {isa = PBXBuildFile; fileRef = 9F83DBEF2444E0DE00DEE57F /* SceneDelegate.swift */; };
		9F83DBF52444E0DE00DEE57F /* Main.storyboard in Resources */ = {isa = PBXBuildFile; fileRef = 9F83DBF32444E0DE00DEE57F /* Main.storyboard */; };
		9F83DBF82444E0DE00DEE57F /* Shop.xcdatamodeld in Sources */ = {isa = PBXBuildFile; fileRef = 9F83DBF62444E0DE00DEE57F /* Shop.xcdatamodeld */; };
		9F83DBFA2444E0E000DEE57F /* Assets.xcassets in Resources */ = {isa = PBXBuildFile; fileRef = 9F83DBF92444E0E000DEE57F /* Assets.xcassets */; };
		9F83DBFD2444E0E000DEE57F /* LaunchScreen.storyboard in Resources */ = {isa = PBXBuildFile; fileRef = 9F83DBFB2444E0E000DEE57F /* LaunchScreen.storyboard */; };
		9F83DC072444E17D00DEE57F /* MainCollectionViewCell.swift in Sources */ = {isa = PBXBuildFile; fileRef = 9F83DC062444E17D00DEE57F /* MainCollectionViewCell.swift */; };
		9F83DC092444E2D200DEE57F /* MainViewController.swift in Sources */ = {isa = PBXBuildFile; fileRef = 9F83DC082444E2D200DEE57F /* MainViewController.swift */; };
		9F83DC0E2444E92000DEE57F /* palaceJ4.jpg in Resources */ = {isa = PBXBuildFile; fileRef = 9F83DC0B2444E92000DEE57F /* palaceJ4.jpg */; };
		9F83DC0F2444E92000DEE57F /* stoneSS1.jpg in Resources */ = {isa = PBXBuildFile; fileRef = 9F83DC0C2444E92000DEE57F /* stoneSS1.jpg */; };
		9F83DC1A2444E92600DEE57F /* palaceJ2.jpg in Resources */ = {isa = PBXBuildFile; fileRef = 9F83DC122444E92500DEE57F /* palaceJ2.jpg */; };
		9F83DC1B2444E92600DEE57F /* palaceJ1.jpg in Resources */ = {isa = PBXBuildFile; fileRef = 9F83DC132444E92500DEE57F /* palaceJ1.jpg */; };
		9F83DC1C2444E92600DEE57F /* stoneJ2.jpg in Resources */ = {isa = PBXBuildFile; fileRef = 9F83DC142444E92500DEE57F /* stoneJ2.jpg */; };
		9F83DC1D2444E92600DEE57F /* palaceJ3.jpg in Resources */ = {isa = PBXBuildFile; fileRef = 9F83DC152444E92500DEE57F /* palaceJ3.jpg */; };
		9F83DC1E2444E92600DEE57F /* stoneJ1.jpg in Resources */ = {isa = PBXBuildFile; fileRef = 9F83DC162444E92600DEE57F /* stoneJ1.jpg */; };
		9F83DC1F2444E92600DEE57F /* stoneP1.jpg in Resources */ = {isa = PBXBuildFile; fileRef = 9F83DC172444E92600DEE57F /* stoneP1.jpg */; };
		9F83DC242444E9A400DEE57F /* Model.swift in Sources */ = {isa = PBXBuildFile; fileRef = 9F83DC232444E9A400DEE57F /* Model.swift */; };
		9F83DC262444F78600DEE57F /* ItemViewController.swift in Sources */ = {isa = PBXBuildFile; fileRef = 9F83DC252444F78500DEE57F /* ItemViewController.swift */; };
		9F9E96A824463D6900C4B214 /* BasketViewController.swift in Sources */ = {isa = PBXBuildFile; fileRef = 9F9E96A724463D6900C4B214 /* BasketViewController.swift */; };
		9F9E96AA24464D5400C4B214 /* BasketTableViewCell.swift in Sources */ = {isa = PBXBuildFile; fileRef = 9F9E96A924464D5400C4B214 /* BasketTableViewCell.swift */; };
		9FE544F3244726F600DAC6BF /* palaceT4.jpg in Resources */ = {isa = PBXBuildFile; fileRef = 9FE544EF244726F500DAC6BF /* palaceT4.jpg */; };
		9FE544F4244726F600DAC6BF /* palaceT2.jpg in Resources */ = {isa = PBXBuildFile; fileRef = 9FE544F0244726F500DAC6BF /* palaceT2.jpg */; };
		9FE544F5244726F600DAC6BF /* palaceT3.jpg in Resources */ = {isa = PBXBuildFile; fileRef = 9FE544F1244726F500DAC6BF /* palaceT3.jpg */; };
		9FE544F6244726F600DAC6BF /* palaceT1.jpg in Resources */ = {isa = PBXBuildFile; fileRef = 9FE544F2244726F600DAC6BF /* palaceT1.jpg */; };
		9FE544F824472AC000DAC6BF /* palaceSS1.jpg in Resources */ = {isa = PBXBuildFile; fileRef = 9FE544F724472AC000DAC6BF /* palaceSS1.jpg */; };
		9FE544FA24472AD000DAC6BF /* palaceSS2.jpg in Resources */ = {isa = PBXBuildFile; fileRef = 9FE544F924472AD000DAC6BF /* palaceSS2.jpg */; };
		9FE544FC24472ADA00DAC6BF /* palaceSS3.jpg in Resources */ = {isa = PBXBuildFile; fileRef = 9FE544FB24472ADA00DAC6BF /* palaceSS3.jpg */; };
		9FE544FE24472ADE00DAC6BF /* palaceSS4.jpg in Resources */ = {isa = PBXBuildFile; fileRef = 9FE544FD24472ADE00DAC6BF /* palaceSS4.jpg */; };
		9FE5450324472B9200DAC6BF /* stoneP6.jpg in Resources */ = {isa = PBXBuildFile; fileRef = 9FE544FF24472B9200DAC6BF /* stoneP6.jpg */; };
		9FE5450424472B9200DAC6BF /* stoneP3.jpg in Resources */ = {isa = PBXBuildFile; fileRef = 9FE5450024472B9200DAC6BF /* stoneP3.jpg */; };
		9FE5450524472B9200DAC6BF /* stoneP2.jpg in Resources */ = {isa = PBXBuildFile; fileRef = 9FE5450124472B9200DAC6BF /* stoneP2.jpg */; };
		9FE5450624472B9300DAC6BF /* stoneP5.jpg in Resources */ = {isa = PBXBuildFile; fileRef = 9FE5450224472B9200DAC6BF /* stoneP5.jpg */; };
		9FE5450824472B9F00DAC6BF /* stoneP4.jpg in Resources */ = {isa = PBXBuildFile; fileRef = 9FE5450724472B9F00DAC6BF /* stoneP4.jpg */; };
/* End PBXBuildFile section */

/* Begin PBXFileReference section */
		9F83DBEA2444E0DE00DEE57F /* Shop.app */ = {isa = PBXFileReference; explicitFileType = wrapper.application; includeInIndex = 0; path = Shop.app; sourceTree = BUILT_PRODUCTS_DIR; };
		9F83DBED2444E0DE00DEE57F /* AppDelegate.swift */ = {isa = PBXFileReference; lastKnownFileType = sourcecode.swift; path = AppDelegate.swift; sourceTree = "<group>"; };
		9F83DBEF2444E0DE00DEE57F /* SceneDelegate.swift */ = {isa = PBXFileReference; lastKnownFileType = sourcecode.swift; path = SceneDelegate.swift; sourceTree = "<group>"; };
		9F83DBF42444E0DE00DEE57F /* Base */ = {isa = PBXFileReference; lastKnownFileType = file.storyboard; name = Base; path = Base.lproj/Main.storyboard; sourceTree = "<group>"; };
		9F83DBF72444E0DE00DEE57F /* Shop.xcdatamodel */ = {isa = PBXFileReference; lastKnownFileType = wrapper.xcdatamodel; path = Shop.xcdatamodel; sourceTree = "<group>"; };
		9F83DBF92444E0E000DEE57F /* Assets.xcassets */ = {isa = PBXFileReference; lastKnownFileType = folder.assetcatalog; path = Assets.xcassets; sourceTree = "<group>"; };
		9F83DBFC2444E0E000DEE57F /* Base */ = {isa = PBXFileReference; lastKnownFileType = file.storyboard; name = Base; path = Base.lproj/LaunchScreen.storyboard; sourceTree = "<group>"; };
		9F83DBFE2444E0E000DEE57F /* Info.plist */ = {isa = PBXFileReference; lastKnownFileType = text.plist.xml; path = Info.plist; sourceTree = "<group>"; };
		9F83DC062444E17D00DEE57F /* MainCollectionViewCell.swift */ = {isa = PBXFileReference; lastKnownFileType = sourcecode.swift; path = MainCollectionViewCell.swift; sourceTree = "<group>"; };
		9F83DC082444E2D200DEE57F /* MainViewController.swift */ = {isa = PBXFileReference; lastKnownFileType = sourcecode.swift; path = MainViewController.swift; sourceTree = "<group>"; };
		9F83DC0B2444E92000DEE57F /* palaceJ4.jpg */ = {isa = PBXFileReference; lastKnownFileType = image.jpeg; path = palaceJ4.jpg; sourceTree = "<group>"; };
		9F83DC0C2444E92000DEE57F /* stoneSS1.jpg */ = {isa = PBXFileReference; lastKnownFileType = image.jpeg; path = stoneSS1.jpg; sourceTree = "<group>"; };
		9F83DC122444E92500DEE57F /* palaceJ2.jpg */ = {isa = PBXFileReference; lastKnownFileType = image.jpeg; path = palaceJ2.jpg; sourceTree = "<group>"; };
		9F83DC132444E92500DEE57F /* palaceJ1.jpg */ = {isa = PBXFileReference; lastKnownFileType = image.jpeg; path = palaceJ1.jpg; sourceTree = "<group>"; };
		9F83DC142444E92500DEE57F /* stoneJ2.jpg */ = {isa = PBXFileReference; lastKnownFileType = image.jpeg; path = stoneJ2.jpg; sourceTree = "<group>"; };
		9F83DC152444E92500DEE57F /* palaceJ3.jpg */ = {isa = PBXFileReference; lastKnownFileType = image.jpeg; path = palaceJ3.jpg; sourceTree = "<group>"; };
		9F83DC162444E92600DEE57F /* stoneJ1.jpg */ = {isa = PBXFileReference; lastKnownFileType = image.jpeg; path = stoneJ1.jpg; sourceTree = "<group>"; };
		9F83DC172444E92600DEE57F /* stoneP1.jpg */ = {isa = PBXFileReference; lastKnownFileType = image.jpeg; path = stoneP1.jpg; sourceTree = "<group>"; };
		9F83DC232444E9A400DEE57F /* Model.swift */ = {isa = PBXFileReference; lastKnownFileType = sourcecode.swift; path = Model.swift; sourceTree = "<group>"; };
		9F83DC252444F78500DEE57F /* ItemViewController.swift */ = {isa = PBXFileReference; lastKnownFileType = sourcecode.swift; path = ItemViewController.swift; sourceTree = "<group>"; };
		9F9E96A724463D6900C4B214 /* BasketViewController.swift */ = {isa = PBXFileReference; lastKnownFileType = sourcecode.swift; path = BasketViewController.swift; sourceTree = "<group>"; };
		9F9E96A924464D5400C4B214 /* BasketTableViewCell.swift */ = {isa = PBXFileReference; lastKnownFileType = sourcecode.swift; path = BasketTableViewCell.swift; sourceTree = "<group>"; };
		9FE544EF244726F500DAC6BF /* palaceT4.jpg */ = {isa = PBXFileReference; lastKnownFileType = image.jpeg; path = palaceT4.jpg; sourceTree = "<group>"; };
		9FE544F0244726F500DAC6BF /* palaceT2.jpg */ = {isa = PBXFileReference; lastKnownFileType = image.jpeg; path = palaceT2.jpg; sourceTree = "<group>"; };
		9FE544F1244726F500DAC6BF /* palaceT3.jpg */ = {isa = PBXFileReference; lastKnownFileType = image.jpeg; path = palaceT3.jpg; sourceTree = "<group>"; };
		9FE544F2244726F600DAC6BF /* palaceT1.jpg */ = {isa = PBXFileReference; lastKnownFileType = image.jpeg; path = palaceT1.jpg; sourceTree = "<group>"; };
		9FE544F724472AC000DAC6BF /* palaceSS1.jpg */ = {isa = PBXFileReference; lastKnownFileType = image.jpeg; path = palaceSS1.jpg; sourceTree = "<group>"; };
		9FE544F924472AD000DAC6BF /* palaceSS2.jpg */ = {isa = PBXFileReference; lastKnownFileType = image.jpeg; path = palaceSS2.jpg; sourceTree = "<group>"; };
		9FE544FB24472ADA00DAC6BF /* palaceSS3.jpg */ = {isa = PBXFileReference; lastKnownFileType = image.jpeg; path = palaceSS3.jpg; sourceTree = "<group>"; };
		9FE544FD24472ADE00DAC6BF /* palaceSS4.jpg */ = {isa = PBXFileReference; lastKnownFileType = image.jpeg; path = palaceSS4.jpg; sourceTree = "<group>"; };
		9FE544FF24472B9200DAC6BF /* stoneP6.jpg */ = {isa = PBXFileReference; lastKnownFileType = image.jpeg; path = stoneP6.jpg; sourceTree = "<group>"; };
		9FE5450024472B9200DAC6BF /* stoneP3.jpg */ = {isa = PBXFileReference; lastKnownFileType = image.jpeg; path = stoneP3.jpg; sourceTree = "<group>"; };
		9FE5450124472B9200DAC6BF /* stoneP2.jpg */ = {isa = PBXFileReference; lastKnownFileType = image.jpeg; path = stoneP2.jpg; sourceTree = "<group>"; };
		9FE5450224472B9200DAC6BF /* stoneP5.jpg */ = {isa = PBXFileReference; lastKnownFileType = image.jpeg; path = stoneP5.jpg; sourceTree = "<group>"; };
		9FE5450724472B9F00DAC6BF /* stoneP4.jpg */ = {isa = PBXFileReference; lastKnownFileType = image.jpeg; path = stoneP4.jpg; sourceTree = "<group>"; };
/* End PBXFileReference section */

/* Begin PBXFrameworksBuildPhase section */
		9F83DBE72444E0DE00DEE57F /* Frameworks */ = {
			isa = PBXFrameworksBuildPhase;
			buildActionMask = 2147483647;
			files = (
			);
			runOnlyForDeploymentPostprocessing = 0;
		};
/* End PBXFrameworksBuildPhase section */

/* Begin PBXGroup section */
		9F83DBE12444E0DE00DEE57F = {
			isa = PBXGroup;
			children = (
				9F83DBEC2444E0DE00DEE57F /* Shop */,
				9F83DBEB2444E0DE00DEE57F /* Products */,
			);
			sourceTree = "<group>";
		};
		9F83DBEB2444E0DE00DEE57F /* Products */ = {
			isa = PBXGroup;
			children = (
				9F83DBEA2444E0DE00DEE57F /* Shop.app */,
			);
			name = Products;
			sourceTree = "<group>";
		};
		9F83DBEC2444E0DE00DEE57F /* Shop */ = {
			isa = PBXGroup;
			children = (
				9F83DC0A2444E91200DEE57F /* photos */,
				9F83DBED2444E0DE00DEE57F /* AppDelegate.swift */,
				9F83DBEF2444E0DE00DEE57F /* SceneDelegate.swift */,
				9F83DC232444E9A400DEE57F /* Model.swift */,
				9F83DBF32444E0DE00DEE57F /* Main.storyboard */,
				9F83DC252444F78500DEE57F /* ItemViewController.swift */,
				9F83DC062444E17D00DEE57F /* MainCollectionViewCell.swift */,
				9F9E96A924464D5400C4B214 /* BasketTableViewCell.swift */,
				9F9E96A724463D6900C4B214 /* BasketViewController.swift */,
				9F83DC082444E2D200DEE57F /* MainViewController.swift */,
				9F83DBF92444E0E000DEE57F /* Assets.xcassets */,
				9F83DBFB2444E0E000DEE57F /* LaunchScreen.storyboard */,
				9F83DBFE2444E0E000DEE57F /* Info.plist */,
				9F83DBF62444E0DE00DEE57F /* Shop.xcdatamodeld */,
			);
			path = Shop;
			sourceTree = "<group>";
		};
		9F83DC0A2444E91200DEE57F /* photos */ = {
			isa = PBXGroup;
			children = (
				9F83DC132444E92500DEE57F /* palaceJ1.jpg */,
				9F83DC122444E92500DEE57F /* palaceJ2.jpg */,
				9F83DC152444E92500DEE57F /* palaceJ3.jpg */,
				9F83DC0B2444E92000DEE57F /* palaceJ4.jpg */,
				9F83DC162444E92600DEE57F /* stoneJ1.jpg */,
				9F83DC142444E92500DEE57F /* stoneJ2.jpg */,
				9FE544F2244726F600DAC6BF /* palaceT1.jpg */,
				9FE544F0244726F500DAC6BF /* palaceT2.jpg */,
				9FE544F1244726F500DAC6BF /* palaceT3.jpg */,
				9FE544EF244726F500DAC6BF /* palaceT4.jpg */,
				9F83DC172444E92600DEE57F /* stoneP1.jpg */,
				9FE544F724472AC000DAC6BF /* palaceSS1.jpg */,
				9FE544F924472AD000DAC6BF /* palaceSS2.jpg */,
				9FE544FB24472ADA00DAC6BF /* palaceSS3.jpg */,
				9FE544FD24472ADE00DAC6BF /* palaceSS4.jpg */,
				9F83DC0C2444E92000DEE57F /* stoneSS1.jpg */,
				9FE5450124472B9200DAC6BF /* stoneP2.jpg */,
				9FE5450024472B9200DAC6BF /* stoneP3.jpg */,
				9FE5450224472B9200DAC6BF /* stoneP5.jpg */,
				9FE544FF24472B9200DAC6BF /* stoneP6.jpg */,
				9FE5450724472B9F00DAC6BF /* stoneP4.jpg */,
			);
			path = photos;
			sourceTree = "<group>";
		};
/* End PBXGroup section */

/* Begin PBXNativeTarget section */
		9F83DBE92444E0DE00DEE57F /* Shop */ = {
			isa = PBXNativeTarget;
			buildConfigurationList = 9F83DC012444E0E000DEE57F /* Build configuration list for PBXNativeTarget "Shop" */;
			buildPhases = (
				9F83DBE62444E0DE00DEE57F /* Sources */,
				9F83DBE72444E0DE00DEE57F /* Frameworks */,
				9F83DBE82444E0DE00DEE57F /* Resources */,
			);
			buildRules = (
			);
			dependencies = (
			);
			name = Shop;
			productName = Shop;
			productReference = 9F83DBEA2444E0DE00DEE57F /* Shop.app */;
			productType = "com.apple.product-type.application";
		};
/* End PBXNativeTarget section */

/* Begin PBXProject section */
		9F83DBE22444E0DE00DEE57F /* Project object */ = {
			isa = PBXProject;
			attributes = {
				LastSwiftUpdateCheck = 1130;
				LastUpgradeCheck = 1130;
				ORGANIZATIONNAME = "Sasha Putsikovich";
				TargetAttributes = {
					9F83DBE92444E0DE00DEE57F = {
						CreatedOnToolsVersion = 11.3.1;
					};
				};
			};
			buildConfigurationList = 9F83DBE52444E0DE00DEE57F /* Build configuration list for PBXProject "Shop" */;
			compatibilityVersion = "Xcode 9.3";
			developmentRegion = en;
			hasScannedForEncodings = 0;
			knownRegions = (
				en,
				Base,
			);
			mainGroup = 9F83DBE12444E0DE00DEE57F;
			productRefGroup = 9F83DBEB2444E0DE00DEE57F /* Products */;
			projectDirPath = "";
			projectRoot = "";
			targets = (
				9F83DBE92444E0DE00DEE57F /* Shop */,
			);
		};
/* End PBXProject section */

/* Begin PBXResourcesBuildPhase section */
		9F83DBE82444E0DE00DEE57F /* Resources */ = {
			isa = PBXResourcesBuildPhase;
			buildActionMask = 2147483647;
			files = (
				9F83DC1F2444E92600DEE57F /* stoneP1.jpg in Resources */,
				9FE5450324472B9200DAC6BF /* stoneP6.jpg in Resources */,
				9FE544F6244726F600DAC6BF /* palaceT1.jpg in Resources */,
				9FE544FA24472AD000DAC6BF /* palaceSS2.jpg in Resources */,
				9F83DC0E2444E92000DEE57F /* palaceJ4.jpg in Resources */,
				9FE5450524472B9200DAC6BF /* stoneP2.jpg in Resources */,
				9F83DC1A2444E92600DEE57F /* palaceJ2.jpg in Resources */,
				9FE5450824472B9F00DAC6BF /* stoneP4.jpg in Resources */,
				9FE544F3244726F600DAC6BF /* palaceT4.jpg in Resources */,
				9F83DC1C2444E92600DEE57F /* stoneJ2.jpg in Resources */,
				9FE544F5244726F600DAC6BF /* palaceT3.jpg in Resources */,
				9F83DC1D2444E92600DEE57F /* palaceJ3.jpg in Resources */,
				9F83DBFD2444E0E000DEE57F /* LaunchScreen.storyboard in Resources */,
				9FE5450624472B9300DAC6BF /* stoneP5.jpg in Resources */,
				9FE544F824472AC000DAC6BF /* palaceSS1.jpg in Resources */,
				9FE544FC24472ADA00DAC6BF /* palaceSS3.jpg in Resources */,
				9FE5450424472B9200DAC6BF /* stoneP3.jpg in Resources */,
				9F83DBFA2444E0E000DEE57F /* Assets.xcassets in Resources */,
				9FE544FE24472ADE00DAC6BF /* palaceSS4.jpg in Resources */,
				9F83DC1B2444E92600DEE57F /* palaceJ1.jpg in Resources */,
				9F83DC1E2444E92600DEE57F /* stoneJ1.jpg in Resources */,
				9F83DC0F2444E92000DEE57F /* stoneSS1.jpg in Resources */,
				9FE544F4244726F600DAC6BF /* palaceT2.jpg in Resources */,
				9F83DBF52444E0DE00DEE57F /* Main.storyboard in Resources */,
			);
			runOnlyForDeploymentPostprocessing = 0;
		};
/* End PBXResourcesBuildPhase section */

/* Begin PBXSourcesBuildPhase section */
		9F83DBE62444E0DE00DEE57F /* Sources */ = {
			isa = PBXSourcesBuildPhase;
			buildActionMask = 2147483647;
			files = (
				9F83DC262444F78600DEE57F /* ItemViewController.swift in Sources */,
				9F9E96AA24464D5400C4B214 /* BasketTableViewCell.swift in Sources */,
				9F83DBEE2444E0DE00DEE57F /* AppDelegate.swift in Sources */,
				9F83DC072444E17D00DEE57F /* MainCollectionViewCell.swift in Sources */,
				9F83DBF02444E0DE00DEE57F /* SceneDelegate.swift in Sources */,
				9F83DC242444E9A400DEE57F /* Model.swift in Sources */,
				9F83DBF82444E0DE00DEE57F /* Shop.xcdatamodeld in Sources */,
				9F9E96A824463D6900C4B214 /* BasketViewController.swift in Sources */,
				9F83DC092444E2D200DEE57F /* MainViewController.swift in Sources */,
			);
			runOnlyForDeploymentPostprocessing = 0;
		};
/* End PBXSourcesBuildPhase section */

/* Begin PBXVariantGroup section */
		9F83DBF32444E0DE00DEE57F /* Main.storyboard */ = {
			isa = PBXVariantGroup;
			children = (
				9F83DBF42444E0DE00DEE57F /* Base */,
			);
			name = Main.storyboard;
			sourceTree = "<group>";
		};
		9F83DBFB2444E0E000DEE57F /* LaunchScreen.storyboard */ = {
			isa = PBXVariantGroup;
			children = (
				9F83DBFC2444E0E000DEE57F /* Base */,
			);
			name = LaunchScreen.storyboard;
			sourceTree = "<group>";
		};
/* End PBXVariantGroup section */

/* Begin XCBuildConfiguration section */
		9F83DBFF2444E0E000DEE57F /* Debug */ = {
			isa = XCBuildConfiguration;
			buildSettings = {
				ALWAYS_SEARCH_USER_PATHS = NO;
				CLANG_ANALYZER_NONNULL = YES;
				CLANG_ANALYZER_NUMBER_OBJECT_CONVERSION = YES_AGGRESSIVE;
				CLANG_CXX_LANGUAGE_STANDARD = "gnu++14";
				CLANG_CXX_LIBRARY = "libc++";
				CLANG_ENABLE_MODULES = YES;
				CLANG_ENABLE_OBJC_ARC = YES;
				CLANG_ENABLE_OBJC_WEAK = YES;
				CLANG_WARN_BLOCK_CAPTURE_AUTORELEASING = YES;
				CLANG_WARN_BOOL_CONVERSION = YES;
				CLANG_WARN_COMMA = YES;
				CLANG_WARN_CONSTANT_CONVERSION = YES;
				CLANG_WARN_DEPRECATED_OBJC_IMPLEMENTATIONS = YES;
				CLANG_WARN_DIRECT_OBJC_ISA_USAGE = YES_ERROR;
				CLANG_WARN_DOCUMENTATION_COMMENTS = YES;
				CLANG_WARN_EMPTY_BODY = YES;
				CLANG_WARN_ENUM_CONVERSION = YES;
				CLANG_WARN_INFINITE_RECURSION = YES;
				CLANG_WARN_INT_CONVERSION = YES;
				CLANG_WARN_NON_LITERAL_NULL_CONVERSION = YES;
				CLANG_WARN_OBJC_IMPLICIT_RETAIN_SELF = YES;
				CLANG_WARN_OBJC_LITERAL_CONVERSION = YES;
				CLANG_WARN_OBJC_ROOT_CLASS = YES_ERROR;
				CLANG_WARN_RANGE_LOOP_ANALYSIS = YES;
				CLANG_WARN_STRICT_PROTOTYPES = YES;
				CLANG_WARN_SUSPICIOUS_MOVE = YES;
				CLANG_WARN_UNGUARDED_AVAILABILITY = YES_AGGRESSIVE;
				CLANG_WARN_UNREACHABLE_CODE = YES;
				CLANG_WARN__DUPLICATE_METHOD_MATCH = YES;
				COPY_PHASE_STRIP = NO;
				DEBUG_INFORMATION_FORMAT = dwarf;
				ENABLE_STRICT_OBJC_MSGSEND = YES;
				ENABLE_TESTABILITY = YES;
				GCC_C_LANGUAGE_STANDARD = gnu11;
				GCC_DYNAMIC_NO_PIC = NO;
				GCC_NO_COMMON_BLOCKS = YES;
				GCC_OPTIMIZATION_LEVEL = 0;
				GCC_PREPROCESSOR_DEFINITIONS = (
					"DEBUG=1",
					"$(inherited)",
				);
				GCC_WARN_64_TO_32_BIT_CONVERSION = YES;
				GCC_WARN_ABOUT_RETURN_TYPE = YES_ERROR;
				GCC_WARN_UNDECLARED_SELECTOR = YES;
				GCC_WARN_UNINITIALIZED_AUTOS = YES_AGGRESSIVE;
				GCC_WARN_UNUSED_FUNCTION = YES;
				GCC_WARN_UNUSED_VARIABLE = YES;
				IPHONEOS_DEPLOYMENT_TARGET = 13.2;
				MTL_ENABLE_DEBUG_INFO = INCLUDE_SOURCE;
				MTL_FAST_MATH = YES;
				ONLY_ACTIVE_ARCH = YES;
				SDKROOT = iphoneos;
				SWIFT_ACTIVE_COMPILATION_CONDITIONS = DEBUG;
				SWIFT_OPTIMIZATION_LEVEL = "-Onone";
			};
			name = Debug;
		};
		9F83DC002444E0E000DEE57F /* Release */ = {
			isa = XCBuildConfiguration;
			buildSettings = {
				ALWAYS_SEARCH_USER_PATHS = NO;
				CLANG_ANALYZER_NONNULL = YES;
				CLANG_ANALYZER_NUMBER_OBJECT_CONVERSION = YES_AGGRESSIVE;
				CLANG_CXX_LANGUAGE_STANDARD = "gnu++14";
				CLANG_CXX_LIBRARY = "libc++";
				CLANG_ENABLE_MODULES = YES;
				CLANG_ENABLE_OBJC_ARC = YES;
				CLANG_ENABLE_OBJC_WEAK = YES;
				CLANG_WARN_BLOCK_CAPTURE_AUTORELEASING = YES;
				CLANG_WARN_BOOL_CONVERSION = YES;
				CLANG_WARN_COMMA = YES;
				CLANG_WARN_CONSTANT_CONVERSION = YES;
				CLANG_WARN_DEPRECATED_OBJC_IMPLEMENTATIONS = YES;
				CLANG_WARN_DIRECT_OBJC_ISA_USAGE = YES_ERROR;
				CLANG_WARN_DOCUMENTATION_COMMENTS = YES;
				CLANG_WARN_EMPTY_BODY = YES;
				CLANG_WARN_ENUM_CONVERSION = YES;
				CLANG_WARN_INFINITE_RECURSION = YES;
				CLANG_WARN_INT_CONVERSION = YES;
				CLANG_WARN_NON_LITERAL_NULL_CONVERSION = YES;
				CLANG_WARN_OBJC_IMPLICIT_RETAIN_SELF = YES;
				CLANG_WARN_OBJC_LITERAL_CONVERSION = YES;
				CLANG_WARN_OBJC_ROOT_CLASS = YES_ERROR;
				CLANG_WARN_RANGE_LOOP_ANALYSIS = YES;
				CLANG_WARN_STRICT_PROTOTYPES = YES;
				CLANG_WARN_SUSPICIOUS_MOVE = YES;
				CLANG_WARN_UNGUARDED_AVAILABILITY = YES_AGGRESSIVE;
				CLANG_WARN_UNREACHABLE_CODE = YES;
				CLANG_WARN__DUPLICATE_METHOD_MATCH = YES;
				COPY_PHASE_STRIP = NO;
				DEBUG_INFORMATION_FORMAT = "dwarf-with-dsym";
				ENABLE_NS_ASSERTIONS = NO;
				ENABLE_STRICT_OBJC_MSGSEND = YES;
				GCC_C_LANGUAGE_STANDARD = gnu11;
				GCC_NO_COMMON_BLOCKS = YES;
				GCC_WARN_64_TO_32_BIT_CONVERSION = YES;
				GCC_WARN_ABOUT_RETURN_TYPE = YES_ERROR;
				GCC_WARN_UNDECLARED_SELECTOR = YES;
				GCC_WARN_UNINITIALIZED_AUTOS = YES_AGGRESSIVE;
				GCC_WARN_UNUSED_FUNCTION = YES;
				GCC_WARN_UNUSED_VARIABLE = YES;
				IPHONEOS_DEPLOYMENT_TARGET = 13.2;
				MTL_ENABLE_DEBUG_INFO = NO;
				MTL_FAST_MATH = YES;
				SDKROOT = iphoneos;
				SWIFT_COMPILATION_MODE = wholemodule;
				SWIFT_OPTIMIZATION_LEVEL = "-O";
				VALIDATE_PRODUCT = YES;
			};
			name = Release;
		};
		9F83DC022444E0E000DEE57F /* Debug */ = {
			isa = XCBuildConfiguration;
			buildSettings = {
				ASSETCATALOG_COMPILER_APPICON_NAME = AppIcon;
				CODE_SIGN_STYLE = Automatic;
				DEVELOPMENT_TEAM = W64W8UKVB6;
				INFOPLIST_FILE = Shop/Info.plist;
				LD_RUNPATH_SEARCH_PATHS = (
					"$(inherited)",
					"@executable_path/Frameworks",
				);
				PRODUCT_BUNDLE_IDENTIFIER = sashaputsikovich.Shop;
				PRODUCT_NAME = "$(TARGET_NAME)";
				SWIFT_VERSION = 5.0;
				TARGETED_DEVICE_FAMILY = "1,2";
			};
			name = Debug;
		};
		9F83DC032444E0E000DEE57F /* Release */ = {
			isa = XCBuildConfiguration;
			buildSettings = {
				ASSETCATALOG_COMPILER_APPICON_NAME = AppIcon;
				CODE_SIGN_STYLE = Automatic;
				DEVELOPMENT_TEAM = W64W8UKVB6;
				INFOPLIST_FILE = Shop/Info.plist;
				LD_RUNPATH_SEARCH_PATHS = (
					"$(inherited)",
					"@executable_path/Frameworks",
				);
				PRODUCT_BUNDLE_IDENTIFIER = sashaputsikovich.Shop;
				PRODUCT_NAME = "$(TARGET_NAME)";
				SWIFT_VERSION = 5.0;
				TARGETED_DEVICE_FAMILY = "1,2";
			};
			name = Release;
		};
/* End XCBuildConfiguration section */

/* Begin XCConfigurationList section */
		9F83DBE52444E0DE00DEE57F /* Build configuration list for PBXProject "Shop" */ = {
			isa = XCConfigurationList;
			buildConfigurations = (
				9F83DBFF2444E0E000DEE57F /* Debug */,
				9F83DC002444E0E000DEE57F /* Release */,
			);
			defaultConfigurationIsVisible = 0;
			defaultConfigurationName = Release;
		};
		9F83DC012444E0E000DEE57F /* Build configuration list for PBXNativeTarget "Shop" */ = {
			isa = XCConfigurationList;
			buildConfigurations = (
				9F83DC022444E0E000DEE57F /* Debug */,
				9F83DC032444E0E000DEE57F /* Release */,
			);
			defaultConfigurationIsVisible = 0;
			defaultConfigurationName = Release;
		};
/* End XCConfigurationList section */

/* Begin XCVersionGroup section */
		9F83DBF62444E0DE00DEE57F /* Shop.xcdatamodeld */ = {
			isa = XCVersionGroup;
			children = (
				9F83DBF72444E0DE00DEE57F /* Shop.xcdatamodel */,
			);
			currentVersion = 9F83DBF72444E0DE00DEE57F /* Shop.xcdatamodel */;
			path = Shop.xcdatamodeld;
			sourceTree = "<group>";
			versionGroupType = wrapper.xcdatamodel;
		};
/* End XCVersionGroup section */
	};
	rootObject = 9F83DBE22444E0DE00DEE57F /* Project object */;
}
